
Microsoft Visual Studio Solution File, Format Version 12.00
# Visual Studio Version 17
VisualStudioVersion = 17.5.002.0
MinimumVisualStudioVersion = 10.0.40219.1
Project("{9A19103F-16F7-4668-BE54-9A1E7A4F7556}") = "DesafioFundamentos", "DesafioFundamentos.csproj", "{9DA2D1A0-E99F-4EC6-8F80-E03B68988C57}"
EndProject
Global
	GlobalSection(SolutionConfigurationPlatforms) = preSolution
		Debug|Any CPU = Debug|Any CPU
		Release|Any CPU = Release|Any CPU
	EndGlobalSection
	GlobalSection(ProjectConfigurationPlatforms) = postSolution
		{9DA2D1A0-E99F-4EC6-8F80-E03B68988C57}.Debug|Any CPU.ActiveCfg = Debug|Any CPU
		{9DA2D1A0-E99F-4EC6-8F80-E03B68988C57}.Debug|Any CPU.Build.0 = Debug|Any CPU
		{9DA2D1A0-E99F-4EC6-8F80-E03B68988C57}.Release|Any CPU.ActiveCfg = Release|Any CPU
		{9DA2D1A0-E99F-4EC6-8F80-E03B68988C57}.Release|Any CPU.Build.0 = Release|Any CPU
	EndGlobalSection
	GlobalSection(SolutionProperties) = preSolution
		HideSolutionNode = FALSE
	EndGlobalSection
	GlobalSection(ExtensibilityGlobals) = postSolution
		SolutionGuid = {32BD05C1-474E-4B02-862E-735A63896163}
	EndGlobalSection
EndGlobal
